
Microsoft Visual Studio Solution File, Format Version 12.00
# Visual Studio Version 16
VisualStudioVersion = 16.0.30907.101
MinimumVisualStudioVersion = 10.0.40219.1
Project("{9A19103F-16F7-4668-BE54-9A1E7A4F7556}") = "AppliBlazor.Server", "AppliBlazor\Server\AppliBlazor.Server.csproj", "{35BBE7E3-2D4F-40C6-9848-46C47C77F67A}"
EndProject
Project("{9A19103F-16F7-4668-BE54-9A1E7A4F7556}") = "AppliBlazor.Client", "AppliBlazor\Client\AppliBlazor.Client.csproj", "{7A2061B4-4A2C-4D00-A32A-D0D101630463}"
EndProject
Project("{9A19103F-16F7-4668-BE54-9A1E7A4F7556}") = "AppliBlazor.Shared", "AppliBlazor\Shared\AppliBlazor.Shared.csproj", "{93580678-D919-4EEE-AB9D-5A4D8982092B}"
EndProject
Global
	GlobalSection(SolutionConfigurationPlatforms) = preSolution
		Debug|Any CPU = Debug|Any CPU
		Release|Any CPU = Release|Any CPU
	EndGlobalSection
	GlobalSection(ProjectConfigurationPlatforms) = postSolution
		{35BBE7E3-2D4F-40C6-9848-46C47C77F67A}.Debug|Any CPU.ActiveCfg = Debug|Any CPU
		{35BBE7E3-2D4F-40C6-9848-46C47C77F67A}.Debug|Any CPU.Build.0 = Debug|Any CPU
		{35BBE7E3-2D4F-40C6-9848-46C47C77F67A}.Release|Any CPU.ActiveCfg = Release|Any CPU
		{35BBE7E3-2D4F-40C6-9848-46C47C77F67A}.Release|Any CPU.Build.0 = Release|Any CPU
		{7A2061B4-4A2C-4D00-A32A-D0D101630463}.Debug|Any CPU.ActiveCfg = Debug|Any CPU
		{7A2061B4-4A2C-4D00-A32A-D0D101630463}.Debug|Any CPU.Build.0 = Debug|Any CPU
		{7A2061B4-4A2C-4D00-A32A-D0D101630463}.Release|Any CPU.ActiveCfg = Release|Any CPU
		{7A2061B4-4A2C-4D00-A32A-D0D101630463}.Release|Any CPU.Build.0 = Release|Any CPU
		{93580678-D919-4EEE-AB9D-5A4D8982092B}.Debug|Any CPU.ActiveCfg = Debug|Any CPU
		{93580678-D919-4EEE-AB9D-5A4D8982092B}.Debug|Any CPU.Build.0 = Debug|Any CPU
		{93580678-D919-4EEE-AB9D-5A4D8982092B}.Release|Any CPU.ActiveCfg = Release|Any CPU
		{93580678-D919-4EEE-AB9D-5A4D8982092B}.Release|Any CPU.Build.0 = Release|Any CPU
	EndGlobalSection
	GlobalSection(SolutionProperties) = preSolution
		HideSolutionNode = FALSE
	EndGlobalSection
	GlobalSection(ExtensibilityGlobals) = postSolution
		SolutionGuid = {347F8C1C-5E6A-42CE-A7D8-259180186A11}
	EndGlobalSection
EndGlobal
